github.com/Masterminds/semver/v3 v3.2.1 h1:RN9w6+7QoMeJVGyfmbcgs28Br8cvmnucEXnY0rYXWg0=
github.com/Masterminds/semver/v3 v3.2.1/go.mod h1:qvl/7zhW3nngYb5+80sSMF+FG2BjYrf8m9wsX0PNOMQ=
github.com/ProtonMail/go-crypto v1.3.0 h1:ILq8+Sf5If5DCpHQp4PbZdS1J7HDFRXz/+xKBiRGFrw=
github.com/ProtonMail/go-crypto v1.3.0/go.mod h1:9whxjD8Rbs29b4XWbB8irEcE8KHMqaR2e7GWU1R+/PE=
github.com/asticode/go-astiav v0.40.0 h1:7El8FyONtjPOmcmqR+zjjihG7ysum5RtTVIhIMrLFQM=
github.com/asticode/go-astiav v0.40.0/go.mod h1:GI0pHw6K2/pl/o8upCtT49P/q4KCwhv/8nGLlCsZLdA=
github.com/asticode/go-astikit v0.57.1 h1:fEykwH98Nny08kcRbk4uer+S8h0rKveCIpG9F6NVLuA=
github.com/asticode/go-astikit v0.57.1/go.mod h1:fV43j20UZYfXzP9oBn33udkvCvDvCDhzjVqoLFuuYZE=
github.com/cloudflare/circl v1.6.2 h1:hL7VBpHHKzrV5WTfHCaBsgx/HGbBYlgrwvNXEVDYYsQ=
github.com/cloudflare/circl v1.6.2/go.mod h1:2eXP6Qfat4O/Yhh8BznvKnJ+uzEoTQ6jVKJRn81BiS4=
github.com/davecgh/go-spew v1.1.2-0.20180830191138-d8f796af33cc h1:U9qPSI2PIWSS1VwoXQT9A3Wy9MM3WgvqSxFWenqJduM=
github.com/davecgh/go-spew v1.1.2-0.20180830191138-d8f796af33cc/go.mod h1:J7Y8YcW2NihsgmVo/mv3lAwl/skON4iLHjSsI+c5H38=
github.com/disgoorg/disgo v0.19.0-rc.15 h1:x0NsV2gcbdjwuztsg2wYXw76p1Cpc8f6ByDrkPcfQtU=
github.com/disgoorg/disgo v0.19.0-rc.15/go.mod h1:14mgXzenkJqifkDmsEgU0zI1di6jNXodwX6L8geW33A=
github.com/disgoorg/json/v2 v2.0.0 h1:U16yy/ARK7/aEpzjjqK1b/KaqqGHozUdeVw/DViEzQI=
github.com/disgoorg/json/v2 v2.0.0/go.mod h1:jZTBC0nIE1WeetSEI3/Dka8g+qglb4FPVmp5I5HpEfI=
github.com/disgoorg/omit v1.0.0 h1:y0LkVUOyUHT8ZlnhIAeOZEA22UYykeysK8bLJ0SfT78=
github.com/disgoorg/omit v1.0.0/go.mod h1:RTmSARkf6PWT/UckwI0bV8XgWkWQoPppaT01rYKLcFQ=
github.com/disgoorg/snowflake/v2 v2.0.3 h1:3B+PpFjr7j4ad7oeJu4RlQ+nYOTadsKapJIzgvSI2Ro=
github.com/disgoorg/snowflake/v2 v2.0.3/go.mod h1:W6r7NUA7DwfZLwr00km6G4UnZ0zcoLBRufhkFWgAc4c=
github.com/dlclark/regexp2 v1.11.5 h1:Q/sSnsKerHeCkc/jSTNq1oCm7KiVgUMZRDUoRu0JQZQ=
github.com/dlclark/regexp2 v1.11.5/go.mod h1:DHkYz0B9wPfa6wondMfaivmHpzrQ3v9q8cnmRbL6yW8=
github.com/dop251/goja v0.0.0-20260106131823-651366fbe6e3 h1:bVp3yUzvSAJzu9GqID+Z96P+eu5TKnIMJSV4QaZMauM=
github.com/dop251/goja v0.0.0-20260106131823-651366fbe6e3/go.mod h1:MxLav0peU43GgvwVgNbLAj1s/bSGboKkhuULvq/7hx4=
github.com/fatih/color v1.18.0 h1:S8gINlzdQ840/4pfAwic/ZE0djQEH3wM94VfqLTZcOM=
github.com/fatih/color v1.18.0/go.mod h1:4FelSpRwEGDpQ12mAdzqdOukCy4u8WUtOY6lkT/6HfU=
github.com/go-sourcemap/sourcemap v2.1.4+incompatible h1:a+iTbH5auLKxaNwQFg0B+TCYl6lbukKPc7b5x0n1s6Q=
github.com/go-sourcemap/sourcemap v2.1.4+incompatible/go.mod h1:F8jJfvm2KbVjc5NqelyYJmf/v5J0dwNLS2mL4sNA1Jg=
github.com/google/pprof v0.0.0-20260115054156-294ebfa9ad83 h1:z2ogiKUYzX5Is6zr/vP9vJGqPwcdqsWjOt+V8J7+bTc=
github.com/google/pprof v0.0.0-20260115054156-294ebfa9ad83/go.mod h1:MxpfABSjhmINe3F1It9d+8exIHFvUqtLIRCdOGNXqiI=
github.com/gorilla/websocket v1.5.3 h1:saDtZ6Pbx/0u+bgYQ3q96pZgCzfhKXGPqt7kZ72aNNg=
github.com/gorilla/websocket v1.5.3/go.mod h1:YR8l580nyteQvAITg2hZ9XVh4b55+EU/adAjf1fMHhE=
github.com/joho/godotenv v1.5.1 h1:7eLL/+HRGLY0ldzfGMeQkb7vMd0as4CfYvUVzLqw0N0=
github.com/joho/godotenv v1.5.1/go.mod h1:f4LDr5Voq0i2e/R5DDNOoa2zzDfwtkZa6DnEwAbqwq4=
github.com/klauspost/compress v1.18.2 h1:iiPHWW0YrcFgpBYhsA6D1+fqHssJscY/Tm/y2Uqnapk=
github.com/klauspost/compress v1.18.2/go.mod h1:R0h/fSBs8DE4ENlcrlib3PsXS61voFxhIs2DeRhCvJ4=
github.com/lrstanley/go-ytdlp v1.2.7 h1:YNDvKkd0OCJSZLZePZvJwcirBCfL8Yw3eCwrTCE5w7Q=
github.com/lrstanley/go-ytdlp v1.2.7/go.mod h1:38IL64XM6gULrWtKTiR0+TTNCVbxesNSbTyaFG2CGTI=
github.com/mattn/go-colorable v0.1.14 h1:9A9LHSqF/7dyVVX6g0U9cwm9pG3kP9gSzcuIPHPsaIE=
github.com/mattn/go-colorable v0.1.14/go.mod h1:6LmQG8QLFO4G5z1gPvYEzlUgJ2wF+stgPZH1UqBm1s8=
github.com/mattn/go-isatty v0.0.20 h1:xfD0iDuEKnDkl03q4limB+vH+GxLEtL/jb4xVJSWWEY=
github.com/mattn/go-isatty v0.0.20/go.mod h1:W+V8PltTTMOvKvAeJH7IuucS94S2C6jfK/D7dTCTo3Y=
github.com/mattn/go-sqlite3 v1.14.33 h1:A5blZ5ulQo2AtayQ9/limgHEkFreKj1Dv226a1K73s0=
github.com/mattn/go-sqlite3 v1.14.33/go.mod h1:Uh1q+B4BYcTPb+yiD3kU8Ct7aC0hY9fxUwlHK0RXw+Y=
github.com/pmezard/go-difflib v1.0.1-0.20181226105442-5d4384ee4fb2 h1:Jamvg5psRIccs7FGNTlIRMkT8wgtp5eCXdBlqhYGL6U=
github.com/pmezard/go-difflib v1.0.1-0.20181226105442-5d4384ee4fb2/go.mod h1:iKH77koFhYxTK1pcRnkKkqfTogsbg7gZNVY4sRDYZ/4=
github.com/ppalone/ytsearch v0.0.1 h1:uu/IV3N/jjY4YoKhO7H7bX6MCckiPK80ZY9BemiKKMw=
github.com/ppalone/ytsearch v0.0.1/go.mod h1:pUkhOt4cER0qB8DedWXy9gkEKMHlvHvxVKLnOaSTbK4=
github.com/raitonoberu/ytmusic v0.0.0-20240324143733-0e5780514b1d h1:DKLsoBhIv7TtNPR097b7y6MFcsXqqgHztSihdaMloDE=
github.com/raitonoberu/ytmusic v0.0.0-20240324143733-0e5780514b1d/go.mod h1:hgP4hPl8kmhAaMjuaxxqKnHa7yA9UkXw4KY97XLyjRs=
github.com/sasha-s/go-csync v0.0.0-20240107134140-fcbab37b09ad h1:qIQkSlF5vAUHxEmTbaqt1hkJ/t6skqEGYiMag343ucI=
github.com/sasha-s/go-csync v0.0.0-20240107134140-fcbab37b09ad/go.mod h1:/pA7k3zsXKdjjAiUhB5CjuKib9KJGCaLvZwtxGC8U0s=
github.com/sho0pi/naturaltime v0.0.2 h1:3mpzDVuHUNIygk0sFBKgrv+a3u5lw7KN9pWFvawmUtY=
github.com/sho0pi/naturaltime v0.0.2/go.mod h1:axdoOru0DwKUts0DkxFqZipOJgEttPqo5SzUr7HH63A=
github.com/stretchr/testify v1.11.1 h1:7s2iGBzp5EwR7/aIZr8ao5+dra3wiQyKjjFuvgVKu7U=
github.com/stretchr/testify v1.11.1/go.mod h1:wZwfW3scLgRK+23gO65QZefKpKQRnfz6sD981Nm4B6U=
github.com/ulikunitz/xz v0.5.15 h1:9DNdB5s+SgV3bQ2ApL10xRc35ck0DuIX/isZvIk+ubY=
github.com/ulikunitz/xz v0.5.15/go.mod h1:nbz6k7qbPmH4IRqmfOplQw/tblSgqTqBwxkY0oWt/14=
golang.org/x/crypto v0.47.0 h1:V6e3FRj+n4dbpw86FJ8Fv7XVOql7TEwpHapKoMJ/GO8=
golang.org/x/crypto v0.47.0/go.mod h1:ff3Y9VzzKbwSSEzWqJsJVBnWmRwRSHt/6Op5n9bQc4A=
golang.org/x/sys v0.6.0/go.mod h1:oPkhp1MJrh7nUepCBck5+mAzfO9JrbApNNgaTdGDITg=
golang.org/x/sys v0.40.0 h1:DBZZqJ2Rkml6QMQsZywtnjnnGvHza6BTfYFWY9kjEWQ=
golang.org/x/sys v0.40.0/go.mod h1:OgkHotnGiDImocRcuBABYBEXf8A9a87e/uXjp9XT3ks=
golang.org/x/text v0.33.0 h1:B3njUFyqtHDUI5jMn1YIr5B0IE2U0qck04r6d4KPAxE=
golang.org/x/text v0.33.0/go.mod h1:LuMebE6+rBincTi9+xWTY8TztLzKHc/9C1uBCG27+q8=
gopkg.in/yaml.v2 v2.4.0 h1:D8xgwECY7CYvx+Y2n4sBz93Jn9JRvxdiyyo8CTfuKaY=
gopkg.in/yaml.v2 v2.4.0/go.mod h1:RDklbk79AGWmwhnvt/jBztapEOGDOx6ZbXqjP6csGnQ=
gopkg.in/yaml.v3 v3.0.1 h1:fxVm/GzAzEWqLHuvctI91KS9hhNmmWOoWu0XTYJS7CA=
gopkg.in/yaml.v3 v3.0.1/go.mod h1:K4uyk7z7BCEPqu6E+C64Yfv1cQ7kz7rIZviUmN+EgEM=
